
Microsoft Visual Studio Solution File, Format Version 12.00
# Visual Studio 15
VisualStudioVersion = 15.0.27130.2026
MinimumVisualStudioVersion = 10.0.40219.1
Project("{FAE04EC0-301F-11D3-BF4B-00C04F79EFBC}") = "ContosoUniversity", "ContosoUniversity\ContosoUniversity.csproj", "{A2FBC84C-9ED8-4E7B-A1F3-F08A6F20A038}"
EndProject
Global
	GlobalSection(SolutionConfigurationPlatforms) = preSolution
		Debug|Any CPU = Debug|Any CPU
		Release|Any CPU = Release|Any CPU
	EndGlobalSection
	GlobalSection(ProjectConfigurationPlatforms) = postSolution
		{A2FBC84C-9ED8-4E7B-A1F3-F08A6F20A038}.Debug|Any CPU.ActiveCfg = Debug|Any CPU
		{A2FBC84C-9ED8-4E7B-A1F3-F08A6F20A038}.Debug|Any CPU.Build.0 = Debug|Any CPU
		{A2FBC84C-9ED8-4E7B-A1F3-F08A6F20A038}.Release|Any CPU.ActiveCfg = Release|Any CPU
		{A2FBC84C-9ED8-4E7B-A1F3-F08A6F20A038}.Release|Any CPU.Build.0 = Release|Any CPU
	EndGlobalSection
	GlobalSection(SolutionProperties) = preSolution
		HideSolutionNode = FALSE
	EndGlobalSection
	GlobalSection(ExtensibilityGlobals) = postSolution
		SolutionGuid = {5AC69BA4-463A-429A-9EAD-2C95DBFD0DA3}
	EndGlobalSection
EndGlobal
